PODS:
  - GoogleAds-IMA-iOS-SDK (3.18.5)

DEPENDENCIES:
  - GoogleAds-IMA-iOS-SDK (~> 3.18.4)

SPEC REPOS:
  trunk:
    - GoogleAds-IMA-iOS-SDK

SPEC CHECKSUMS:
  GoogleAds-IMA-iOS-SDK: 7dbef0755db43698f2f6a3a7ac51a88571945399

PODFILE CHECKSUM: afa335801b430fb091586e550efce26ca4017b87

COCOAPODS: 1.16.2
